// !$*UTF8*$!
{
	archiveVersion = 1;
	classes = {
	};
	objectVersion = 50;
	objects = {

/* Begin PBXBuildFile section */
		49F9DF8423B606300060D265 /* AppDelegate.swift in Sources */ = {isa = PBXBuildFile; fileRef = 49F9DF8323B606300060D265 /* AppDelegate.swift */; };
		49F9DF8623B606300060D265 /* SceneDelegate.swift in Sources */ = {isa = PBXBuildFile; fileRef = 49F9DF8523B606300060D265 /* SceneDelegate.swift */; };
		49F9DF8823B606300060D265 /* ViewController.swift in Sources */ = {isa = PBXBuildFile; fileRef = 49F9DF8723B606300060D265 /* ViewController.swift */; };
		49F9DF8B23B606300060D265 /* Main.storyboard in Resources */ = {isa = PBXBuildFile; fileRef = 49F9DF8923B606300060D265 /* Main.storyboard */; };
		49F9DF8E23B606300060D265 /* Summit.xcdatamodeld in Sources */ = {isa = PBXBuildFile; fileRef = 49F9DF8C23B606300060D265 /* Summit.xcdatamodeld */; };
		49F9DF9023B606330060D265 /* Assets.xcassets in Resources */ = {isa = PBXBuildFile; fileRef = 49F9DF8F23B606330060D265 /* Assets.xcassets */; };
		49F9DF9323B606330060D265 /* LaunchScreen.storyboard in Resources */ = {isa = PBXBuildFile; fileRef = 49F9DF9123B606330060D265 /* LaunchScreen.storyboard */; };
/* End PBXBuildFile section */

/* Begin PBXFileReference section */
		49F9DF8023B606300060D265 /* Summit.app */ = {isa = PBXFileReference; explicitFileType = wrapper.application; includeInIndex = 0; path = Summit.app; sourceTree = BUILT_PRODUCTS_DIR; };
		49F9DF8323B606300060D265 /* AppDelegate.swift */ = {isa = PBXFileReference; lastKnownFileType = sourcecode.swift; path = AppDelegate.swift; sourceTree = "<group>"; };
		49F9DF8523B606300060D265 /* SceneDelegate.swift */ = {isa = PBXFileReference; lastKnownFileType = sourcecode.swift; path = SceneDelegate.swift; sourceTree = "<group>"; };
		49F9DF8723B606300060D265 /* ViewController.swift */ = {isa = PBXFileReference; lastKnownFileType = sourcecode.swift; path = ViewController.swift; sourceTree = "<group>"; };
		49F9DF8A23B606300060D265 /* Base */ = {isa = PBXFileReference; lastKnownFileType = file.storyboard; name = Base; path = Base.lproj/Main.storyboard; sourceTree = "<group>"; };
		49F9DF8D23B606300060D265 /* Summit.xcdatamodel */ = {isa = PBXFileReference; lastKnownFileType = wrapper.xcdatamodel; path = Summit.xcdatamodel; sourceTree = "<group>"; };
		49F9DF8F23B606330060D265 /* Assets.xcassets */ = {isa = PBXFileReference; lastKnownFileType = folder.assetcatalog; path = Assets.xcassets; sourceTree = "<group>"; };
		49F9DF9223B606330060D265 /* Base */ = {isa = PBXFileReference; lastKnownFileType = file.storyboard; name = Base; path = Base.lproj/LaunchScreen.storyboard; sourceTree = "<group>"; };
		49F9DF9423B606330060D265 /* Info.plist */ = {isa = PBXFileReference; lastKnownFileType = text.plist.xml; path = Info.plist; sourceTree = "<group>"; };
/* End PBXFileReference section */

/* Begin PBXFrameworksBuildPhase section */
		49F9DF7D23B606300060D265 /* Frameworks */ = {
			isa = PBXFrameworksBuildPhase;
			buildActionMask = 2147483647;
			files = (
			);
			runOnlyForDeploymentPostprocessing = 0;
		};
/* End PBXFrameworksBuildPhase section */

/* Begin PBXGroup section */
		49F9DF7723B606300060D265 = {
			isa = PBXGroup;
			children = (
				49F9DF8223B606300060D265 /* Summit */,
				49F9DF8123B606300060D265 /* Products */,
			);
			sourceTree = "<group>";
		};
		49F9DF8123B606300060D265 /* Products */ = {
			isa = PBXGroup;
			children = (
				49F9DF8023B606300060D265 /* Summit.app */,
			);
			name = Products;
			sourceTree = "<group>";
		};
		49F9DF8223B606300060D265 /* Summit */ = {
			isa = PBXGroup;
			children = (
				49F9DF8323B606300060D265 /* AppDelegate.swift */,
				49F9DF8523B606300060D265 /* SceneDelegate.swift */,
				49F9DF8723B606300060D265 /* ViewController.swift */,
				49F9DF8923B606300060D265 /* Main.storyboard */,
				49F9DF8F23B606330060D265 /* Assets.xcassets */,
				49F9DF9123B606330060D265 /* LaunchScreen.storyboard */,
				49F9DF9423B606330060D265 /* Info.plist */,
				49F9DF8C23B606300060D265 /* Summit.xcdatamodeld */,
			);
			path = Summit;
			sourceTree = "<group>";
		};
/* End PBXGroup section */

/* Begin PBXNativeTarget section */
		49F9DF7F23B606300060D265 /* Summit */ = {
			isa = PBXNativeTarget;
			buildConfigurationList = 49F9DF9723B606330060D265 /* Build configuration list for PBXNativeTarget "Summit" */;
			buildPhases = (
				49F9DF7C23B606300060D265 /* Sources */,
				49F9DF7D23B606300060D265 /* Frameworks */,
				49F9DF7E23B606300060D265 /* Resources */,
			);
			buildRules = (
			);
			dependencies = (
			);
			name = Summit;
			productName = Summit;
			productReference = 49F9DF8023B606300060D265 /* Summit.app */;
			productType = "com.apple.product-type.application";
		};
/* End PBXNativeTarget section */

/* Begin PBXProject section */
		49F9DF7823B606300060D265 /* Project object */ = {
			isa = PBXProject;
			attributes = {
				LastSwiftUpdateCheck = 1130;
				LastUpgradeCheck = 1130;
				ORGANIZATIONNAME = daltonDemo;
				TargetAttributes = {
					49F9DF7F23B606300060D265 = {
						CreatedOnToolsVersion = 11.3;
					};
				};
			};
			buildConfigurationList = 49F9DF7B23B606300060D265 /* Build configuration list for PBXProject "Summit" */;
			compatibilityVersion = "Xcode 9.3";
			developmentRegion = en;
			hasScannedForEncodings = 0;
			knownRegions = (
				en,
				Base,
			);
			mainGroup = 49F9DF7723B606300060D265;
			productRefGroup = 49F9DF8123B606300060D265 /* Products */;
			projectDirPath = "";
			projectRoot = "";
			targets = (
				49F9DF7F23B606300060D265 /* Summit */,
			);
		};
/* End PBXProject section */

/* Begin PBXResourcesBuildPhase section */
		49F9DF7E23B606300060D265 /* Resources */ = {
			isa = PBXResourcesBuildPhase;
			buildActionMask = 2147483647;
			files = (
				49F9DF9323B606330060D265 /* LaunchScreen.storyboard in Resources */,
				49F9DF9023B606330060D265 /* Assets.xcassets in Resources */,
				49F9DF8B23B606300060D265 /* Main.storyboard in Resources */,
			);
			runOnlyForDeploymentPostprocessing = 0;
		};
/* End PBXResourcesBuildPhase section */

/* Begin PBXSourcesBuildPhase section */
		49F9DF7C23B606300060D265 /* Sources */ = {
			isa = PBXSourcesBuildPhase;
			buildActionMask = 2147483647;
			files = (
				49F9DF8823B606300060D265 /* ViewController.swift in Sources */,
				49F9DF8423B606300060D265 /* AppDelegate.swift in Sources */,
				49F9DF8E23B606300060D265 /* Summit.xcdatamodeld in Sources */,
				49F9DF8623B606300060D265 /* SceneDelegate.swift in Sources */,
			);
			runOnlyForDeploymentPostprocessing = 0;
		};
/* End PBXSourcesBuildPhase section */

/* Begin PBXVariantGroup section */
		49F9DF8923B606300060D265 /* Main.storyboard */ = {
			isa = PBXVariantGroup;
			children = (
				49F9DF8A23B606300060D265 /* Base */,
			);
			name = Main.storyboard;
			sourceTree = "<group>";
		};
		49F9DF9123B606330060D265 /* LaunchScreen.storyboard */ = {
			isa = PBXVariantGroup;
			children = (
				49F9DF9223B606330060D265 /* Base */,
			);
			name = LaunchScreen.storyboard;
			sourceTree = "<group>";
		};
/* End PBXVariantGroup section */

/* Begin XCBuildConfiguration section */
		49F9DF9523B606330060D265 /* Debug */ = {
			isa = XCBuildConfiguration;
			buildSettings = {
				ALWAYS_SEARCH_USER_PATHS = NO;
				CLANG_ANALYZER_NONNULL = YES;
				CLANG_ANALYZER_NUMBER_OBJECT_CONVERSION = YES_AGGRESSIVE;
				CLANG_CXX_LANGUAGE_STANDARD = "gnu++14";
				CLANG_CXX_LIBRARY = "libc++";
				CLANG_ENABLE_MODULES = YES;
				CLANG_ENABLE_OBJC_ARC = YES;
				CLANG_ENABLE_OBJC_WEAK = YES;
				CLANG_WARN_BLOCK_CAPTURE_AUTORELEASING = YES;
				CLANG_WARN_BOOL_CONVERSION = YES;
				CLANG_WARN_COMMA = YES;
				CLANG_WARN_CONSTANT_CONVERSION = YES;
				CLANG_WARN_DEPRECATED_OBJC_IMPLEMENTATIONS = YES;
				CLANG_WARN_DIRECT_OBJC_ISA_USAGE = YES_ERROR;
				CLANG_WARN_DOCUMENTATION_COMMENTS = YES;
				CLANG_WARN_EMPTY_BODY = YES;
				CLANG_WARN_ENUM_CONVERSION = YES;
				CLANG_WARN_INFINITE_RECURSION = YES;
				CLANG_WARN_INT_CONVERSION = YES;
				CLANG_WARN_NON_LITERAL_NULL_CONVERSION = YES;
				CLANG_WARN_OBJC_IMPLICIT_RETAIN_SELF = YES;
				CLANG_WARN_OBJC_LITERAL_CONVERSION = YES;
				CLANG_WARN_OBJC_ROOT_CLASS = YES_ERROR;
				CLANG_WARN_RANGE_LOOP_ANALYSIS = YES;
				CLANG_WARN_STRICT_PROTOTYPES = YES;
				CLANG_WARN_SUSPICIOUS_MOVE = YES;
				CLANG_WARN_UNGUARDED_AVAILABILITY = YES_AGGRESSIVE;
				CLANG_WARN_UNREACHABLE_CODE = YES;
				CLANG_WARN__DUPLICATE_METHOD_MATCH = YES;
				COPY_PHASE_STRIP = NO;
				DEBUG_INFORMATION_FORMAT = dwarf;
				ENABLE_STRICT_OBJC_MSGSEND = YES;
				ENABLE_TESTABILITY = YES;
				GCC_C_LANGUAGE_STANDARD = gnu11;
				GCC_DYNAMIC_NO_PIC = NO;
				GCC_NO_COMMON_BLOCKS = YES;
				GCC_OPTIMIZATION_LEVEL = 0;
				GCC_PREPROCESSOR_DEFINITIONS = (
					"DEBUG=1",
					"$(inherited)",
				);
				GCC_WARN_64_TO_32_BIT_CONVERSION = YES;
				GCC_WARN_ABOUT_RETURN_TYPE = YES_ERROR;
				GCC_WARN_UNDECLARED_SELECTOR = YES;
				GCC_WARN_UNINITIALIZED_AUTOS = YES_AGGRESSIVE;
				GCC_WARN_UNUSED_FUNCTION = YES;
				GCC_WARN_UNUSED_VARIABLE = YES;
				IPHONEOS_DEPLOYMENT_TARGET = 13.2;
				MTL_ENABLE_DEBUG_INFO = INCLUDE_SOURCE;
				MTL_FAST_MATH = YES;
				ONLY_ACTIVE_ARCH = YES;
				SDKROOT = iphoneos;
				SWIFT_ACTIVE_COMPILATION_CONDITIONS = DEBUG;
				SWIFT_OPTIMIZATION_LEVEL = "-Onone";
			};
			name = Debug;
		};
		49F9DF9623B606330060D265 /* Release */ = {
			isa = XCBuildConfiguration;
			buildSettings = {
				ALWAYS_SEARCH_USER_PATHS = NO;
				CLANG_ANALYZER_NONNULL = YES;
				CLANG_ANALYZER_NUMBER_OBJECT_CONVERSION = YES_AGGRESSIVE;
				CLANG_CXX_LANGUAGE_STANDARD = "gnu++14";
				CLANG_CXX_LIBRARY = "libc++";
				CLANG_ENABLE_MODULES = YES;
				CLANG_ENABLE_OBJC_ARC = YES;
				CLANG_ENABLE_OBJC_WEAK = YES;
				CLANG_WARN_BLOCK_CAPTURE_AUTORELEASING = YES;
				CLANG_WARN_BOOL_CONVERSION = YES;
				CLANG_WARN_COMMA = YES;
				CLANG_WARN_CONSTANT_CONVERSION = YES;
				CLANG_WARN_DEPRECATED_OBJC_IMPLEMENTATIONS = YES;
				CLANG_WARN_DIRECT_OBJC_ISA_USAGE = YES_ERROR;
				CLANG_WARN_DOCUMENTATION_COMMENTS = YES;
				CLANG_WARN_EMPTY_BODY = YES;
				CLANG_WARN_ENUM_CONVERSION = YES;
				CLANG_WARN_INFINITE_RECURSION = YES;
				CLANG_WARN_INT_CONVERSION = YES;
				CLANG_WARN_NON_LITERAL_NULL_CONVERSION = YES;
				CLANG_WARN_OBJC_IMPLICIT_RETAIN_SELF = YES;
				CLANG_WARN_OBJC_LITERAL_CONVERSION = YES;
				CLANG_WARN_OBJC_ROOT_CLASS = YES_ERROR;
				CLANG_WARN_RANGE_LOOP_ANALYSIS = YES;
				CLANG_WARN_STRICT_PROTOTYPES = YES;
				CLANG_WARN_SUSPICIOUS_MOVE = YES;
				CLANG_WARN_UNGUARDED_AVAILABILITY = YES_AGGRESSIVE;
				CLANG_WARN_UNREACHABLE_CODE = YES;
				CLANG_WARN__DUPLICATE_METHOD_MATCH = YES;
				COPY_PHASE_STRIP = NO;
				DEBUG_INFORMATION_FORMAT = "dwarf-with-dsym";
				ENABLE_NS_ASSERTIONS = NO;
				ENABLE_STRICT_OBJC_MSGSEND = YES;
				GCC_C_LANGUAGE_STANDARD = gnu11;
				GCC_NO_COMMON_BLOCKS = YES;
				GCC_WARN_64_TO_32_BIT_CONVERSION = YES;
				GCC_WARN_ABOUT_RETURN_TYPE = YES_ERROR;
				GCC_WARN_UNDECLARED_SELECTOR = YES;
				GCC_WARN_UNINITIALIZED_AUTOS = YES_AGGRESSIVE;
				GCC_WARN_UNUSED_FUNCTION = YES;
				GCC_WARN_UNUSED_VARIABLE = YES;
				IPHONEOS_DEPLOYMENT_TARGET = 13.2;
				MTL_ENABLE_DEBUG_INFO = NO;
				MTL_FAST_MATH = YES;
				SDKROOT = iphoneos;
				SWIFT_COMPILATION_MODE = wholemodule;
				SWIFT_OPTIMIZATION_LEVEL = "-O";
				VALIDATE_PRODUCT = YES;
			};
			name = Release;
		};
		49F9DF9823B606330060D265 /* Debug */ = {
			isa = XCBuildConfiguration;
			buildSettings = {
				ASSETCATALOG_COMPILER_APPICON_NAME = AppIcon;
				CODE_SIGN_STYLE = Automatic;
				DEVELOPMENT_TEAM = 8G53CM2KCR;
				INFOPLIST_FILE = Summit/Info.plist;
				LD_RUNPATH_SEARCH_PATHS = (
					"$(inherited)",
					"@executable_path/Frameworks",
				);
				PRODUCT_BUNDLE_IDENTIFIER = daltonDemo.Summit;
				PRODUCT_NAME = "$(TARGET_NAME)";
				SWIFT_VERSION = 5.0;
				TARGETED_DEVICE_FAMILY = 1;
			};
			name = Debug;
		};
		49F9DF9923B606330060D265 /* Release */ = {
			isa = XCBuildConfiguration;
			buildSettings = {
				ASSETCATALOG_COMPILER_APPICON_NAME = AppIcon;
				CODE_SIGN_STYLE = Automatic;
				DEVELOPMENT_TEAM = 8G53CM2KCR;
				INFOPLIST_FILE = Summit/Info.plist;
				LD_RUNPATH_SEARCH_PATHS = (
					"$(inherited)",
					"@executable_path/Frameworks",
				);
				PRODUCT_BUNDLE_IDENTIFIER = daltonDemo.Summit;
				PRODUCT_NAME = "$(TARGET_NAME)";
				SWIFT_VERSION = 5.0;
				TARGETED_DEVICE_FAMILY = 1;
			};
			name = Release;
		};
/* End XCBuildConfiguration section */

/* Begin XCConfigurationList section */
		49F9DF7B23B606300060D265 /* Build configuration list for PBXProject "Summit" */ = {
			isa = XCConfigurationList;
			buildConfigurations = (
				49F9DF9523B606330060D265 /* Debug */,
				49F9DF9623B606330060D265 /* Release */,
			);
			defaultConfigurationIsVisible = 0;
			defaultConfigurationName = Release;
		};
		49F9DF9723B606330060D265 /* Build configuration list for PBXNativeTarget "Summit" */ = {
			isa = XCConfigurationList;
			buildConfigurations = (
				49F9DF9823B606330060D265 /* Debug */,
				49F9DF9923B606330060D265 /* Release */,
			);
			defaultConfigurationIsVisible = 0;
			defaultConfigurationName = Release;
		};
/* End XCConfigurationList section */

/* Begin XCVersionGroup section */
		49F9DF8C23B606300060D265 /* Summit.xcdatamodeld */ = {
			isa = XCVersionGroup;
			children = (
				49F9DF8D23B606300060D265 /* Summit.xcdatamodel */,
			);
			currentVersion = 49F9DF8D23B606300060D265 /* Summit.xcdatamodel */;
			path = Summit.xcdatamodeld;
			sourceTree = "<group>";
			versionGroupType = wrapper.xcdatamodel;
		};
/* End XCVersionGroup section */
	};
	rootObject = 49F9DF7823B606300060D265 /* Project object */;
}
